// !$*UTF8*$!
{
	archiveVersion = 1;
	classes = {
	};
	objectVersion = 77;
	objects = {

/* Begin PBXBuildFile section */
		10596D0F5F4625E0FD03005C /* DomainRulesTests.swift in Sources */ = {isa = PBXBuildFile; fileRef = A4BAB3E1BCFE1792BAC9899D /* DomainRulesTests.swift */; };
		13622CFB23BD69B5E99BEC74 /* TodayView.swift in Sources */ = {isa = PBXBuildFile; fileRef = 04A5ED107CC59C2FCAD788AC /* TodayView.swift */; };
		2B3C310DE0DED51EBA4A5E4B /* BlessingResponsesView.swift in Sources */ = {isa = PBXBuildFile; fileRef = 8971D0A1BC0819428DBA2CBB /* BlessingResponsesView.swift */; };
		3709D0A6A2F9A07A84C6A5F5 /* PromptActivityAttributes.swift in Sources */ = {isa = PBXBuildFile; fileRef = 6B44EE3D5023D47D3A6EEB7F /* PromptActivityAttributes.swift */; };
		4FBFFAFAD04AB8B07EFE16FA /* BibleModels.swift in Sources */ = {isa = PBXBuildFile; fileRef = 089ABE93E076CC7C52EEA9F2 /* BibleModels.swift */; };
		515DFFB02152CC5BA58CE379 /* AppTheme.swift in Sources */ = {isa = PBXBuildFile; fileRef = E9598DE0EDAB20B48B60056D /* AppTheme.swift */; };
		548797F524C7B56B5041CA56 /* BlessingCircleLiveActivity.swift in Sources */ = {isa = PBXBuildFile; fileRef = ACE1A8FE2140DF404032151D /* BlessingCircleLiveActivity.swift */; };
		6545467C2B8B3C77A6BF2989 /* CaptureMediaStore.swift in Sources */ = {isa = PBXBuildFile; fileRef = 16B2B67B866D8C3A3B56F2CC /* CaptureMediaStore.swift */; };
		683C74774B522C0B71C3DAC5 /* BlessingRepository.swift in Sources */ = {isa = PBXBuildFile; fileRef = BD086AB78C2411FC6492A448 /* BlessingRepository.swift */; };
		68E89B000052B2EA87B3E842 /* CircleView.swift in Sources */ = {isa = PBXBuildFile; fileRef = A9FF0B7D82FF6DA7A4AA9D15 /* CircleView.swift */; };
		69D5AACA21015D8BC316820F /* SpeechTranscriber.swift in Sources */ = {isa = PBXBuildFile; fileRef = 0892DC6E7C01070219AD240A /* SpeechTranscriber.swift */; };
		6B1509197360169D25A8D398 /* AppDelegate.swift in Sources */ = {isa = PBXBuildFile; fileRef = 98F6955EDCB72669D8C4B54E /* AppDelegate.swift */; };
		6BF92E4D99CABF90A577F055 /* CaptureView.swift in Sources */ = {isa = PBXBuildFile; fileRef = 234411076A53B6836F09CC17 /* CaptureView.swift */; };
		6CB8153521635F4A4A1B73E0 /* SupabaseAuthenticationService.swift in Sources */ = {isa = PBXBuildFile; fileRef = 660201AD49EDEB78FA773753 /* SupabaseAuthenticationService.swift */; };
		6E3EA5BC5EB12D28AE3E167A /* BibleTextService.swift in Sources */ = {isa = PBXBuildFile; fileRef = 94EA65921D482A449590AD64 /* BibleTextService.swift */; };
		75E13967995B0BFF55A18ED9 /* SignInView.swift in Sources */ = {isa = PBXBuildFile; fileRef = 28E10C692366BEAE2B09BBC9 /* SignInView.swift */; };
		76D913FC848A66CB5A1A94BB /* RootView.swift in Sources */ = {isa = PBXBuildFile; fileRef = 94735A84240AC2C5107135A1 /* RootView.swift */; };
		7D1922CBB7AFE9B86E780EA9 /* CircleTimelineView.swift in Sources */ = {isa = PBXBuildFile; fileRef = EF399AB3F16CF08C2399F2DF /* CircleTimelineView.swift */; };
		821381643ABA5544F55B82B0 /* AppModel.swift in Sources */ = {isa = PBXBuildFile; fileRef = 8C99F6499C089B93C6E1D931 /* AppModel.swift */; };
		8704FD748616E0FDC60A6B02 /* VideoCaptureView.swift in Sources */ = {isa = PBXBuildFile; fileRef = 7A938A25ACE4527C0BAAEC17 /* VideoCaptureView.swift */; };
		879481067520378A11890A2B /* Supabase in Frameworks */ = {isa = PBXBuildFile; productRef = B69BDB637FBD5E1800B58241 /* Supabase */; };
		97A4EB7FB4579E73FD2A7E4D /* PromptActivityAttributes.swift in Sources */ = {isa = PBXBuildFile; fileRef = 6B44EE3D5023D47D3A6EEB7F /* PromptActivityAttributes.swift */; };
		989B338792772AC73A036EEC /* BibleReferencePicker.swift in Sources */ = {isa = PBXBuildFile; fileRef = 5EF821C48CC75D537252691D /* BibleReferencePicker.swift */; };
		9D5FCA300508C441D2DCC72D /* BackendConfiguration.swift in Sources */ = {isa = PBXBuildFile; fileRef = 2AC381E7B1B09C556F69E2C5 /* BackendConfiguration.swift */; };
		A10C6380402E660050B78294 /* Assets.xcassets in Resources */ = {isa = PBXBuildFile; fileRef = AF96D83DCB140C9B96F965AB /* Assets.xcassets */; };
		A3A80BC1BB9ED561C129800B /* Models.swift in Sources */ = {isa = PBXBuildFile; fileRef = 766D059B090295A07973C5B3 /* Models.swift */; };
		B693844FB4B9B287A6CF7CCC /* LocalBlessingRepository.swift in Sources */ = {isa = PBXBuildFile; fileRef = 86BE8467DA49E4C1EFF6C54F /* LocalBlessingRepository.swift */; };
		C5E886DC0C3FF80F1DF8B517 /* BlessingCircleApp.swift in Sources */ = {isa = PBXBuildFile; fileRef = 33F70DDEC4822DB655376DC5 /* BlessingCircleApp.swift */; };
		D39F594EE10456032E8678DE /* AppComposition.swift in Sources */ = {isa = PBXBuildFile; fileRef = 6FA7C50B81BAFE4CCFCF4EE4 /* AppComposition.swift */; };
		E8BF3EB4CB41784548937894 /* PromptActivityController.swift in Sources */ = {isa = PBXBuildFile; fileRef = 2E9B4C7BC58F8FA3AB2741AB /* PromptActivityController.swift */; };
		EFE5536CCC884FDACDAAB6D4 /* BlessingCircleLiveActivity.appex in Embed Foundation Extensions */ = {isa = PBXBuildFile; fileRef = D367DB457633302CD1502DA5 /* BlessingCircleLiveActivity.appex */; settings = {ATTRIBUTES = (RemoveHeadersOnCopy, ); }; };
		F58EC1B9E3233BD4F529E454 /* SupabaseBlessingRepository.swift in Sources */ = {isa = PBXBuildFile; fileRef = B67190A1474AA89AC2BBD59E /* SupabaseBlessingRepository.swift */; };
/* End PBXBuildFile section */

/* Begin PBXContainerItemProxy section */
		4E9737839ADFCAAD99414677 /* PBXContainerItemProxy */ = {
			isa = PBXContainerItemProxy;
			containerPortal = 41A9FBA0C18941FE87AC911D /* Project object */;
			proxyType = 1;
			remoteGlobalIDString = 70E6D6604A824D653CA34ABD;
			remoteInfo = BlessingCircle;
		};
		9E2DC47BA6FCE2EE0807064A /* PBXContainerItemProxy */ = {
			isa = PBXContainerItemProxy;
			containerPortal = 41A9FBA0C18941FE87AC911D /* Project object */;
			proxyType = 1;
			remoteGlobalIDString = E41EE15459D998174CB7B649;
			remoteInfo = BlessingCircleLiveActivity;
		};
/* End PBXContainerItemProxy section */

/* Begin PBXCopyFilesBuildPhase section */
		28B0A8CA4B3177C1F9ECCF08 /* Embed Foundation Extensions */ = {
			isa = PBXCopyFilesBuildPhase;
			buildActionMask = 2147483647;
			dstPath = "";
			dstSubfolderSpec = 13;
			files = (
				EFE5536CCC884FDACDAAB6D4 /* BlessingCircleLiveActivity.appex in Embed Foundation Extensions */,
			);
			name = "Embed Foundation Extensions";
			runOnlyForDeploymentPostprocessing = 0;
		};
/* End PBXCopyFilesBuildPhase section */

/* Begin PBXFileReference section */
		04A5ED107CC59C2FCAD788AC /* TodayView.swift */ = {isa = PBXFileReference; lastKnownFileType = sourcecode.swift; path = TodayView.swift; sourceTree = "<group>"; };
		0892DC6E7C01070219AD240A /* SpeechTranscriber.swift */ = {isa = PBXFileReference; lastKnownFileType = sourcecode.swift; path = SpeechTranscriber.swift; sourceTree = "<group>"; };
		089ABE93E076CC7C52EEA9F2 /* BibleModels.swift */ = {isa = PBXFileReference; lastKnownFileType = sourcecode.swift; path = BibleModels.swift; sourceTree = "<group>"; };
		1264492C64A180326D793D6F /* BlessingCircleTests.xctest */ = {isa = PBXFileReference; includeInIndex = 0; lastKnownFileType = wrapper.cfbundle; path = BlessingCircleTests.xctest; sourceTree = BUILT_PRODUCTS_DIR; };
		16B2B67B866D8C3A3B56F2CC /* CaptureMediaStore.swift */ = {isa = PBXFileReference; lastKnownFileType = sourcecode.swift; path = CaptureMediaStore.swift; sourceTree = "<group>"; };
		234411076A53B6836F09CC17 /* CaptureView.swift */ = {isa = PBXFileReference; lastKnownFileType = sourcecode.swift; path = CaptureView.swift; sourceTree = "<group>"; };
		28E10C692366BEAE2B09BBC9 /* SignInView.swift */ = {isa = PBXFileReference; lastKnownFileType = sourcecode.swift; path = SignInView.swift; sourceTree = "<group>"; };
		2AC381E7B1B09C556F69E2C5 /* BackendConfiguration.swift */ = {isa = PBXFileReference; lastKnownFileType = sourcecode.swift; path = BackendConfiguration.swift; sourceTree = "<group>"; };
		2E9B4C7BC58F8FA3AB2741AB /* PromptActivityController.swift */ = {isa = PBXFileReference; lastKnownFileType = sourcecode.swift; path = PromptActivityController.swift; sourceTree = "<group>"; };
		33F70DDEC4822DB655376DC5 /* BlessingCircleApp.swift */ = {isa = PBXFileReference; lastKnownFileType = sourcecode.swift; path = BlessingCircleApp.swift; sourceTree = "<group>"; };
		5EF821C48CC75D537252691D /* BibleReferencePicker.swift */ = {isa = PBXFileReference; lastKnownFileType = sourcecode.swift; path = BibleReferencePicker.swift; sourceTree = "<group>"; };
		660201AD49EDEB78FA773753 /* SupabaseAuthenticationService.swift */ = {isa = PBXFileReference; lastKnownFileType = sourcecode.swift; path = SupabaseAuthenticationService.swift; sourceTree = "<group>"; };
		6B44EE3D5023D47D3A6EEB7F /* PromptActivityAttributes.swift */ = {isa = PBXFileReference; lastKnownFileType = sourcecode.swift; path = PromptActivityAttributes.swift; sourceTree = "<group>"; };
		6FA7C50B81BAFE4CCFCF4EE4 /* AppComposition.swift */ = {isa = PBXFileReference; lastKnownFileType = sourcecode.swift; path = AppComposition.swift; sourceTree = "<group>"; };
		766D059B090295A07973C5B3 /* Models.swift */ = {isa = PBXFileReference; lastKnownFileType = sourcecode.swift; path = Models.swift; sourceTree = "<group>"; };
		7A938A25ACE4527C0BAAEC17 /* VideoCaptureView.swift */ = {isa = PBXFileReference; lastKnownFileType = sourcecode.swift; path = VideoCaptureView.swift; sourceTree = "<group>"; };
		86BE8467DA49E4C1EFF6C54F /* LocalBlessingRepository.swift */ = {isa = PBXFileReference; lastKnownFileType = sourcecode.swift; path = LocalBlessingRepository.swift; sourceTree = "<group>"; };
		8971D0A1BC0819428DBA2CBB /* BlessingResponsesView.swift */ = {isa = PBXFileReference; lastKnownFileType = sourcecode.swift; path = BlessingResponsesView.swift; sourceTree = "<group>"; };
		8C99F6499C089B93C6E1D931 /* AppModel.swift */ = {isa = PBXFileReference; lastKnownFileType = sourcecode.swift; path = AppModel.swift; sourceTree = "<group>"; };
		94735A84240AC2C5107135A1 /* RootView.swift */ = {isa = PBXFileReference; lastKnownFileType = sourcecode.swift; path = RootView.swift; sourceTree = "<group>"; };
		94EA65921D482A449590AD64 /* BibleTextService.swift */ = {isa = PBXFileReference; lastKnownFileType = sourcecode.swift; path = BibleTextService.swift; sourceTree = "<group>"; };
		98F6955EDCB72669D8C4B54E /* AppDelegate.swift */ = {isa = PBXFileReference; lastKnownFileType = sourcecode.swift; path = AppDelegate.swift; sourceTree = "<group>"; };
		98F97F35AE1F0B0BCA3FBC77 /* BlessingCircle.app */ = {isa = PBXFileReference; includeInIndex = 0; lastKnownFileType = wrapper.application; path = BlessingCircle.app; sourceTree = BUILT_PRODUCTS_DIR; };
		A4BAB3E1BCFE1792BAC9899D /* DomainRulesTests.swift */ = {isa = PBXFileReference; lastKnownFileType = sourcecode.swift; path = DomainRulesTests.swift; sourceTree = "<group>"; };
		A64B2CD999847E450C198DDA /* Development.xcconfig */ = {isa = PBXFileReference; lastKnownFileType = text.xcconfig; path = Development.xcconfig; sourceTree = "<group>"; };
		A9FF0B7D82FF6DA7A4AA9D15 /* CircleView.swift */ = {isa = PBXFileReference; lastKnownFileType = sourcecode.swift; path = CircleView.swift; sourceTree = "<group>"; };
		ACE1A8FE2140DF404032151D /* BlessingCircleLiveActivity.swift */ = {isa = PBXFileReference; lastKnownFileType = sourcecode.swift; path = BlessingCircleLiveActivity.swift; sourceTree = "<group>"; };
		AF96D83DCB140C9B96F965AB /* Assets.xcassets */ = {isa = PBXFileReference; lastKnownFileType = folder.assetcatalog; path = Assets.xcassets; sourceTree = "<group>"; };
		B67190A1474AA89AC2BBD59E /* SupabaseBlessingRepository.swift */ = {isa = PBXFileReference; lastKnownFileType = sourcecode.swift; path = SupabaseBlessingRepository.swift; sourceTree = "<group>"; };
		BD086AB78C2411FC6492A448 /* BlessingRepository.swift */ = {isa = PBXFileReference; lastKnownFileType = sourcecode.swift; path = BlessingRepository.swift; sourceTree = "<group>"; };
		D367DB457633302CD1502DA5 /* BlessingCircleLiveActivity.appex */ = {isa = PBXFileReference; includeInIndex = 0; lastKnownFileType = "wrapper.app-extension"; path = BlessingCircleLiveActivity.appex; sourceTree = BUILT_PRODUCTS_DIR; };
		E9598DE0EDAB20B48B60056D /* AppTheme.swift */ = {isa = PBXFileReference; lastKnownFileType = sourcecode.swift; path = AppTheme.swift; sourceTree = "<group>"; };
		EF399AB3F16CF08C2399F2DF /* CircleTimelineView.swift */ = {isa = PBXFileReference; lastKnownFileType = sourcecode.swift; path = CircleTimelineView.swift; sourceTree = "<group>"; };
/* End PBXFileReference section */

/* Begin PBXFrameworksBuildPhase section */
		D7D19D71E0C63DC31D1EFCC0 /* Frameworks */ = {
			isa = PBXFrameworksBuildPhase;
			buildActionMask = 2147483647;
			files = (
				879481067520378A11890A2B /* Supabase in Frameworks */,
			);
			runOnlyForDeploymentPostprocessing = 0;
		};
/* End PBXFrameworksBuildPhase section */

/* Begin PBXGroup section */
		23439FBDF28F715D58E6EDC6 /* Services */ = {
			isa = PBXGroup;
			children = (
				2AC381E7B1B09C556F69E2C5 /* BackendConfiguration.swift */,
				94EA65921D482A449590AD64 /* BibleTextService.swift */,
				BD086AB78C2411FC6492A448 /* BlessingRepository.swift */,
				86BE8467DA49E4C1EFF6C54F /* LocalBlessingRepository.swift */,
				2E9B4C7BC58F8FA3AB2741AB /* PromptActivityController.swift */,
				660201AD49EDEB78FA773753 /* SupabaseAuthenticationService.swift */,
				B67190A1474AA89AC2BBD59E /* SupabaseBlessingRepository.swift */,
			);
			path = Services;
			sourceTree = "<group>";
		};
		4292E894609A37623544AC67 /* Products */ = {
			isa = PBXGroup;
			children = (
				98F97F35AE1F0B0BCA3FBC77 /* BlessingCircle.app */,
				D367DB457633302CD1502DA5 /* BlessingCircleLiveActivity.appex */,
				1264492C64A180326D793D6F /* BlessingCircleTests.xctest */,
			);
			name = Products;
			sourceTree = "<group>";
		};
		43A14A305E46F35BAD28AB48 /* Features */ = {
			isa = PBXGroup;
			children = (
				7FB0433351E3251F62246497 /* Capture */,
				E4FE8192A6F9A78C50426EE7 /* Circle */,
				C0B1E2F6B1C22AEB877FB30E /* Timeline */,
				6F7816912646A49B20A5BE84 /* Today */,
				94735A84240AC2C5107135A1 /* RootView.swift */,
				28E10C692366BEAE2B09BBC9 /* SignInView.swift */,
			);
			path = Features;
			sourceTree = "<group>";
		};
		6F7816912646A49B20A5BE84 /* Today */ = {
			isa = PBXGroup;
			children = (
				04A5ED107CC59C2FCAD788AC /* TodayView.swift */,
			);
			path = Today;
			sourceTree = "<group>";
		};
		7FB0433351E3251F62246497 /* Capture */ = {
			isa = PBXGroup;
			children = (
				5EF821C48CC75D537252691D /* BibleReferencePicker.swift */,
				16B2B67B866D8C3A3B56F2CC /* CaptureMediaStore.swift */,
				234411076A53B6836F09CC17 /* CaptureView.swift */,
				0892DC6E7C01070219AD240A /* SpeechTranscriber.swift */,
				7A938A25ACE4527C0BAAEC17 /* VideoCaptureView.swift */,
			);
			path = Capture;
			sourceTree = "<group>";
		};
		91900FBAE9DF169DD82465C2 /* LiveActivityWidget */ = {
			isa = PBXGroup;
			children = (
				ACE1A8FE2140DF404032151D /* BlessingCircleLiveActivity.swift */,
			);
			name = LiveActivityWidget;
			path = Sources/LiveActivityWidget;
			sourceTree = "<group>";
		};
		B912FA04B8A5490E657E0814 /* Domain */ = {
			isa = PBXGroup;
			children = (
				089ABE93E076CC7C52EEA9F2 /* BibleModels.swift */,
				766D059B090295A07973C5B3 /* Models.swift */,
			);
			path = Domain;
			sourceTree = "<group>";
		};
		C0B1E2F6B1C22AEB877FB30E /* Timeline */ = {
			isa = PBXGroup;
			children = (
				8971D0A1BC0819428DBA2CBB /* BlessingResponsesView.swift */,
				EF399AB3F16CF08C2399F2DF /* CircleTimelineView.swift */,
			);
			path = Timeline;
			sourceTree = "<group>";
		};
		C8161291A24140A0CB29BCAE /* Shared */ = {
			isa = PBXGroup;
			children = (
				6B44EE3D5023D47D3A6EEB7F /* PromptActivityAttributes.swift */,
			);
			path = Shared;
			sourceTree = "<group>";
		};
		CCCA8E50B844ECE51B5A5517 = {
			isa = PBXGroup;
			children = (
				EBED7E13C13451BC5A7831F4 /* Configuration */,
				91900FBAE9DF169DD82465C2 /* LiveActivityWidget */,
				EF119E7ACC84229F89E6CD9A /* Sources */,
				D118C97A2FE90BC8EB8F90AD /* Tests */,
				4292E894609A37623544AC67 /* Products */,
			);
			sourceTree = "<group>";
		};
		D118C97A2FE90BC8EB8F90AD /* Tests */ = {
			isa = PBXGroup;
			children = (
				A4BAB3E1BCFE1792BAC9899D /* DomainRulesTests.swift */,
			);
			path = Tests;
			sourceTree = "<group>";
		};
		DB46F97E9370A52DE5A79EA0 /* DesignSystem */ = {
			isa = PBXGroup;
			children = (
				E9598DE0EDAB20B48B60056D /* AppTheme.swift */,
				AF96D83DCB140C9B96F965AB /* Assets.xcassets */,
			);
			path = DesignSystem;
			sourceTree = "<group>";
		};
		E4E8EADE3F18623893E5FE28 /* App */ = {
			isa = PBXGroup;
			children = (
				6FA7C50B81BAFE4CCFCF4EE4 /* AppComposition.swift */,
				98F6955EDCB72669D8C4B54E /* AppDelegate.swift */,
				8C99F6499C089B93C6E1D931 /* AppModel.swift */,
				33F70DDEC4822DB655376DC5 /* BlessingCircleApp.swift */,
			);
			path = App;
			sourceTree = "<group>";
		};
		E4FE8192A6F9A78C50426EE7 /* Circle */ = {
			isa = PBXGroup;
			children = (
				A9FF0B7D82FF6DA7A4AA9D15 /* CircleView.swift */,
			);
			path = Circle;
			sourceTree = "<group>";
		};
		EBED7E13C13451BC5A7831F4 /* Configuration */ = {
			isa = PBXGroup;
			children = (
				A64B2CD999847E450C198DDA /* Development.xcconfig */,
			);
			path = Configuration;
			sourceTree = "<group>";
		};
		EF119E7ACC84229F89E6CD9A /* Sources */ = {
			isa = PBXGroup;
			children = (
				E4E8EADE3F18623893E5FE28 /* App */,
				DB46F97E9370A52DE5A79EA0 /* DesignSystem */,
				B912FA04B8A5490E657E0814 /* Domain */,
				43A14A305E46F35BAD28AB48 /* Features */,
				23439FBDF28F715D58E6EDC6 /* Services */,
				C8161291A24140A0CB29BCAE /* Shared */,
			);
			path = Sources;
			sourceTree = "<group>";
		};
/* End PBXGroup section */

/* Begin PBXNativeTarget section */
		70E6D6604A824D653CA34ABD /* BlessingCircle */ = {
			isa = PBXNativeTarget;
			buildConfigurationList = B6077964679B6958FC99AE02 /* Build configuration list for PBXNativeTarget "BlessingCircle" */;
			buildPhases = (
				27FFD6017B793E7A14B27AA2 /* Sources */,
				C30B2A2865AB7C0D9B517F0E /* Resources */,
				D7D19D71E0C63DC31D1EFCC0 /* Frameworks */,
				28B0A8CA4B3177C1F9ECCF08 /* Embed Foundation Extensions */,
			);
			buildRules = (
			);
			dependencies = (
				7910F96E9F6A25F16454EEDD /* PBXTargetDependency */,
			);
			name = BlessingCircle;
			packageProductDependencies = (
				B69BDB637FBD5E1800B58241 /* Supabase */,
			);
			productName = BlessingCircle;
			productReference = 98F97F35AE1F0B0BCA3FBC77 /* BlessingCircle.app */;
			productType = "com.apple.product-type.application";
		};
		A488CAFE343697749AB4E9D8 /* BlessingCircleTests */ = {
			isa = PBXNativeTarget;
			buildConfigurationList = 637DCFF5560EEA0AC4A5A856 /* Build configuration list for PBXNativeTarget "BlessingCircleTests" */;
			buildPhases = (
				72BD13F3209B864B821D42F7 /* Sources */,
			);
			buildRules = (
			);
			dependencies = (
				7F641327F5CD829019B127E4 /* PBXTargetDependency */,
			);
			name = BlessingCircleTests;
			packageProductDependencies = (
			);
			productName = BlessingCircleTests;
			productReference = 1264492C64A180326D793D6F /* BlessingCircleTests.xctest */;
			productType = "com.apple.product-type.bundle.unit-test";
		};
		E41EE15459D998174CB7B649 /* BlessingCircleLiveActivity */ = {
			isa = PBXNativeTarget;
			buildConfigurationList = 3F837F526A048739820DEC17 /* Build configuration list for PBXNativeTarget "BlessingCircleLiveActivity" */;
			buildPhases = (
				C30BC5A6F35898AB0A8FEFBD /* Sources */,
			);
			buildRules = (
			);
			dependencies = (
			);
			name = BlessingCircleLiveActivity;
			packageProductDependencies = (
			);
			productName = BlessingCircleLiveActivity;
			productReference = D367DB457633302CD1502DA5 /* BlessingCircleLiveActivity.appex */;
			productType = "com.apple.product-type.app-extension";
		};
/* End PBXNativeTarget section */

/* Begin PBXProject section */
		41A9FBA0C18941FE87AC911D /* Project object */ = {
			isa = PBXProject;
			attributes = {
				BuildIndependentTargetsInParallel = YES;
				LastUpgradeCheck = 1430;
				TargetAttributes = {
					70E6D6604A824D653CA34ABD = {
						ProvisioningStyle = Automatic;
					};
					A488CAFE343697749AB4E9D8 = {
						ProvisioningStyle = Automatic;
					};
					E41EE15459D998174CB7B649 = {
						ProvisioningStyle = Automatic;
					};
				};
			};
			buildConfigurationList = 3197E46E7504FC6A48B61E3C /* Build configuration list for PBXProject "BlessingCircle" */;
			developmentRegion = en;
			hasScannedForEncodings = 0;
			knownRegions = (
				Base,
				en,
			);
			mainGroup = CCCA8E50B844ECE51B5A5517;
			minimizedProjectReferenceProxies = 1;
			packageReferences = (
				5630E9BA8B94DCBB1CC68FC4 /* XCRemoteSwiftPackageReference "supabase-swift" */,
			);
			preferredProjectObjectVersion = 77;
			productRefGroup = 4292E894609A37623544AC67 /* Products */;
			projectDirPath = "";
			projectRoot = "";
			targets = (
				70E6D6604A824D653CA34ABD /* BlessingCircle */,
				E41EE15459D998174CB7B649 /* BlessingCircleLiveActivity */,
				A488CAFE343697749AB4E9D8 /* BlessingCircleTests */,
			);
		};
/* End PBXProject section */

/* Begin PBXResourcesBuildPhase section */
		C30B2A2865AB7C0D9B517F0E /* Resources */ = {
			isa = PBXResourcesBuildPhase;
			buildActionMask = 2147483647;
			files = (
				A10C6380402E660050B78294 /* Assets.xcassets in Resources */,
			);
			runOnlyForDeploymentPostprocessing = 0;
		};
/* End PBXResourcesBuildPhase section */

/* Begin PBXSourcesBuildPhase section */
		27FFD6017B793E7A14B27AA2 /* Sources */ = {
			isa = PBXSourcesBuildPhase;
			buildActionMask = 2147483647;
			files = (
				D39F594EE10456032E8678DE /* AppComposition.swift in Sources */,
				6B1509197360169D25A8D398 /* AppDelegate.swift in Sources */,
				821381643ABA5544F55B82B0 /* AppModel.swift in Sources */,
				515DFFB02152CC5BA58CE379 /* AppTheme.swift in Sources */,
				9D5FCA300508C441D2DCC72D /* BackendConfiguration.swift in Sources */,
				4FBFFAFAD04AB8B07EFE16FA /* BibleModels.swift in Sources */,
				989B338792772AC73A036EEC /* BibleReferencePicker.swift in Sources */,
				6E3EA5BC5EB12D28AE3E167A /* BibleTextService.swift in Sources */,
				C5E886DC0C3FF80F1DF8B517 /* BlessingCircleApp.swift in Sources */,
				683C74774B522C0B71C3DAC5 /* BlessingRepository.swift in Sources */,
				2B3C310DE0DED51EBA4A5E4B /* BlessingResponsesView.swift in Sources */,
				6545467C2B8B3C77A6BF2989 /* CaptureMediaStore.swift in Sources */,
				6BF92E4D99CABF90A577F055 /* CaptureView.swift in Sources */,
				7D1922CBB7AFE9B86E780EA9 /* CircleTimelineView.swift in Sources */,
				68E89B000052B2EA87B3E842 /* CircleView.swift in Sources */,
				B693844FB4B9B287A6CF7CCC /* LocalBlessingRepository.swift in Sources */,
				A3A80BC1BB9ED561C129800B /* Models.swift in Sources */,
				3709D0A6A2F9A07A84C6A5F5 /* PromptActivityAttributes.swift in Sources */,
				E8BF3EB4CB41784548937894 /* PromptActivityController.swift in Sources */,
				76D913FC848A66CB5A1A94BB /* RootView.swift in Sources */,
				75E13967995B0BFF55A18ED9 /* SignInView.swift in Sources */,
				69D5AACA21015D8BC316820F /* SpeechTranscriber.swift in Sources */,
				6CB8153521635F4A4A1B73E0 /* SupabaseAuthenticationService.swift in Sources */,
				F58EC1B9E3233BD4F529E454 /* SupabaseBlessingRepository.swift in Sources */,
				13622CFB23BD69B5E99BEC74 /* TodayView.swift in Sources */,
				8704FD748616E0FDC60A6B02 /* VideoCaptureView.swift in Sources */,
			);
			runOnlyForDeploymentPostprocessing = 0;
		};
		72BD13F3209B864B821D42F7 /* Sources */ = {
			isa = PBXSourcesBuildPhase;
			buildActionMask = 2147483647;
			files = (
				10596D0F5F4625E0FD03005C /* DomainRulesTests.swift in Sources */,
			);
			runOnlyForDeploymentPostprocessing = 0;
		};
		C30BC5A6F35898AB0A8FEFBD /* Sources */ = {
			isa = PBXSourcesBuildPhase;
			buildActionMask = 2147483647;
			files = (
				548797F524C7B56B5041CA56 /* BlessingCircleLiveActivity.swift in Sources */,
				97A4EB7FB4579E73FD2A7E4D /* PromptActivityAttributes.swift in Sources */,
			);
			runOnlyForDeploymentPostprocessing = 0;
		};
/* End PBXSourcesBuildPhase section */

/* Begin PBXTargetDependency section */
		7910F96E9F6A25F16454EEDD /* PBXTargetDependency */ = {
			isa = PBXTargetDependency;
			target = E41EE15459D998174CB7B649 /* BlessingCircleLiveActivity */;
			targetProxy = 9E2DC47BA6FCE2EE0807064A /* PBXContainerItemProxy */;
		};
		7F641327F5CD829019B127E4 /* PBXTargetDependency */ = {
			isa = PBXTargetDependency;
			target = 70E6D6604A824D653CA34ABD /* BlessingCircle */;
			targetProxy = 4E9737839ADFCAAD99414677 /* PBXContainerItemProxy */;
		};
/* End PBXTargetDependency section */

/* Begin XCBuildConfiguration section */
		04235A027DBAD52077F0F32B /* Release */ = {
			isa = XCBuildConfiguration;
			buildSettings = {
				APPLICATION_EXTENSION_API_ONLY = YES;
				INFOPLIST_FILE = "Configuration/Widget-Info.plist";
				INFOPLIST_KEY_NSExtension_NSExtensionPointIdentifier = "com.apple.widgetkit-extension";
				LD_RUNPATH_SEARCH_PATHS = (
					"$(inherited)",
					"@executable_path/Frameworks",
					"@executable_path/../../Frameworks",
				);
				PRODUCT_BUNDLE_IDENTIFIER = "app.blessingcircle.ios.live-activity";
				PRODUCT_NAME = BlessingCircleLiveActivity;
				SDKROOT = iphoneos;
				SKIP_INSTALL = YES;
				TARGETED_DEVICE_FAMILY = "1,2";
			};
			name = Release;
		};
		1B8D6220CD3FF6B2FA70B7C6 /* Debug */ = {
			isa = XCBuildConfiguration;
			buildSettings = {
				BUNDLE_LOADER = "$(TEST_HOST)";
				GENERATE_INFOPLIST_FILE = YES;
				LD_RUNPATH_SEARCH_PATHS = (
					"$(inherited)",
					"@executable_path/Frameworks",
					"@loader_path/Frameworks",
				);
				PRODUCT_BUNDLE_IDENTIFIER = app.blessingcircle.tests;
				SDKROOT = iphoneos;
				TARGETED_DEVICE_FAMILY = "1,2";
				TEST_HOST = "$(BUILT_PRODUCTS_DIR)/BlessingCircle.app/BlessingCircle";
			};
			name = Debug;
		};
		5F930E0ADB8C5D11CAE685BC /* Debug */ = {
			isa = XCBuildConfiguration;
			buildSettings = {
				ALWAYS_SEARCH_USER_PATHS = NO;
				ASSETCATALOG_COMPILER_GENERATE_SWIFT_ASSET_SYMBOL_EXTENSIONS = YES;
				CLANG_ANALYZER_NONNULL = YES;
				CLANG_ANALYZER_NUMBER_OBJECT_CONVERSION = YES_AGGRESSIVE;
				CLANG_CXX_LANGUAGE_STANDARD = "gnu++14";
				CLANG_CXX_LIBRARY = "libc++";
				CLANG_ENABLE_MODULES = YES;
				CLANG_ENABLE_OBJC_ARC = YES;
				CLANG_ENABLE_OBJC_WEAK = YES;
				CLANG_WARN_BLOCK_CAPTURE_AUTORELEASING = YES;
				CLANG_WARN_BOOL_CONVERSION = YES;
				CLANG_WARN_COMMA = YES;
				CLANG_WARN_CONSTANT_CONVERSION = YES;
				CLANG_WARN_DEPRECATED_OBJC_IMPLEMENTATIONS = YES;
				CLANG_WARN_DIRECT_OBJC_ISA_USAGE = YES_ERROR;
				CLANG_WARN_DOCUMENTATION_COMMENTS = YES;
				CLANG_WARN_EMPTY_BODY = YES;
				CLANG_WARN_ENUM_CONVERSION = YES;
				CLANG_WARN_INFINITE_RECURSION = YES;
				CLANG_WARN_INT_CONVERSION = YES;
				CLANG_WARN_NON_LITERAL_NULL_CONVERSION = YES;
				CLANG_WARN_OBJC_IMPLICIT_RETAIN_SELF = YES;
				CLANG_WARN_OBJC_LITERAL_CONVERSION = YES;
				CLANG_WARN_OBJC_ROOT_CLASS = YES_ERROR;
				CLANG_WARN_QUOTED_INCLUDE_IN_FRAMEWORK_HEADER = YES;
				CLANG_WARN_RANGE_LOOP_ANALYSIS = YES;
				CLANG_WARN_STRICT_PROTOTYPES = YES;
				CLANG_WARN_SUSPICIOUS_MOVE = YES;
				CLANG_WARN_UNGUARDED_AVAILABILITY = YES_AGGRESSIVE;
				CLANG_WARN_UNREACHABLE_CODE = YES;
				CLANG_WARN__DUPLICATE_METHOD_MATCH = YES;
				CODE_SIGN_STYLE = Automatic;
				COPY_PHASE_STRIP = NO;
				CURRENT_PROJECT_VERSION = 1;
				DEBUG_INFORMATION_FORMAT = dwarf;
				ENABLE_STRICT_OBJC_MSGSEND = YES;
				ENABLE_TESTABILITY = YES;
				GCC_C_LANGUAGE_STANDARD = gnu11;
				GCC_DYNAMIC_NO_PIC = NO;
				GCC_NO_COMMON_BLOCKS = YES;
				GCC_OPTIMIZATION_LEVEL = 0;
				GCC_PREPROCESSOR_DEFINITIONS = (
					"$(inherited)",
					"DEBUG=1",
				);
				GCC_WARN_64_TO_32_BIT_CONVERSION = YES;
				GCC_WARN_ABOUT_RETURN_TYPE = YES_ERROR;
				GCC_WARN_UNDECLARED_SELECTOR = YES;
				GCC_WARN_UNINITIALIZED_AUTOS = YES_AGGRESSIVE;
				GCC_WARN_UNUSED_FUNCTION = YES;
				GCC_WARN_UNUSED_VARIABLE = YES;
				IPHONEOS_DEPLOYMENT_TARGET = 18.0;
				MARKETING_VERSION = 0.1.0;
				MTL_ENABLE_DEBUG_INFO = INCLUDE_SOURCE;
				MTL_FAST_MATH = YES;
				ONLY_ACTIVE_ARCH = YES;
				PRODUCT_NAME = "$(TARGET_NAME)";
				SDKROOT = iphoneos;
				SWIFT_ACTIVE_COMPILATION_CONDITIONS = DEBUG;
				SWIFT_OPTIMIZATION_LEVEL = "-Onone";
				SWIFT_VERSION = 6.0;
			};
			name = Debug;
		};
		68A5B96F3AE5699E46809AA8 /* Debug */ = {
			isa = XCBuildConfiguration;
			baseConfigurationReference = A64B2CD999847E450C198DDA /* Development.xcconfig */;
			buildSettings = {
				ASSETCATALOG_COMPILER_APPICON_NAME = AppIcon;
				CODE_SIGN_ENTITLEMENTS = Configuration/BlessingCircle.entitlements;
				CODE_SIGN_IDENTITY = "iPhone Developer";
				INFOPLIST_FILE = "Configuration/App-Info.plist";
				INFOPLIST_KEY_CFBundleDisplayName = "Blessing Circle";
				INFOPLIST_KEY_NSCameraUsageDescription = "Blessing Circle uses the camera when you choose to record a video blessing.";
				INFOPLIST_KEY_NSMicrophoneUsageDescription = "Blessing Circle uses the microphone while you record a voice or video blessing.";
				INFOPLIST_KEY_NSPhotoLibraryUsageDescription = "Blessing Circle can import a video you choose for your blessing.";
				INFOPLIST_KEY_NSSpeechRecognitionUsageDescription = "Blessing Circle transcribes your spoken blessing into editable text.";
				INFOPLIST_KEY_NSSupportsLiveActivities = YES;
				INFOPLIST_KEY_UIApplicationSceneManifest_Generation = YES;
				INFOPLIST_KEY_UILaunchScreen_Generation = YES;
				INFOPLIST_KEY_UISupportedInterfaceOrientations_iPhone = UIInterfaceOrientationPortrait;
				LD_RUNPATH_SEARCH_PATHS = (
					"$(inherited)",
					"@executable_path/Frameworks",
				);
				PRODUCT_BUNDLE_IDENTIFIER = app.blessingcircle.ios;
				PRODUCT_MODULE_NAME = BlessingCircle;
				SDKROOT = iphoneos;
				TARGETED_DEVICE_FAMILY = "1,2";
			};
			name = Debug;
		};
		84B9A6E0D0CC80A0A4A8D699 /* Debug */ = {
			isa = XCBuildConfiguration;
			buildSettings = {
				APPLICATION_EXTENSION_API_ONLY = YES;
				INFOPLIST_FILE = "Configuration/Widget-Info.plist";
				INFOPLIST_KEY_NSExtension_NSExtensionPointIdentifier = "com.apple.widgetkit-extension";
				LD_RUNPATH_SEARCH_PATHS = (
					"$(inherited)",
					"@executable_path/Frameworks",
					"@executable_path/../../Frameworks",
				);
				PRODUCT_BUNDLE_IDENTIFIER = "app.blessingcircle.ios.live-activity";
				PRODUCT_NAME = BlessingCircleLiveActivity;
				SDKROOT = iphoneos;
				SKIP_INSTALL = YES;
				TARGETED_DEVICE_FAMILY = "1,2";
			};
			name = Debug;
		};
		887B2B2B006A95AB594FC151 /* Release */ = {
			isa = XCBuildConfiguration;
			buildSettings = {
				BUNDLE_LOADER = "$(TEST_HOST)";
				GENERATE_INFOPLIST_FILE = YES;
				LD_RUNPATH_SEARCH_PATHS = (
					"$(inherited)",
					"@executable_path/Frameworks",
					"@loader_path/Frameworks",
				);
				PRODUCT_BUNDLE_IDENTIFIER = app.blessingcircle.tests;
				SDKROOT = iphoneos;
				TARGETED_DEVICE_FAMILY = "1,2";
				TEST_HOST = "$(BUILT_PRODUCTS_DIR)/BlessingCircle.app/BlessingCircle";
			};
			name = Release;
		};
		AC4A6C63D5F3DBB84F441D8D /* Release */ = {
			isa = XCBuildConfiguration;
			baseConfigurationReference = A64B2CD999847E450C198DDA /* Development.xcconfig */;
			buildSettings = {
				ASSETCATALOG_COMPILER_APPICON_NAME = AppIcon;
				CODE_SIGN_ENTITLEMENTS = Configuration/BlessingCircle.entitlements;
				CODE_SIGN_IDENTITY = "iPhone Developer";
				INFOPLIST_FILE = "Configuration/App-Info.plist";
				INFOPLIST_KEY_CFBundleDisplayName = "Blessing Circle";
				INFOPLIST_KEY_NSCameraUsageDescription = "Blessing Circle uses the camera when you choose to record a video blessing.";
				INFOPLIST_KEY_NSMicrophoneUsageDescription = "Blessing Circle uses the microphone while you record a voice or video blessing.";
				INFOPLIST_KEY_NSPhotoLibraryUsageDescription = "Blessing Circle can import a video you choose for your blessing.";
				INFOPLIST_KEY_NSSpeechRecognitionUsageDescription = "Blessing Circle transcribes your spoken blessing into editable text.";
				INFOPLIST_KEY_NSSupportsLiveActivities = YES;
				INFOPLIST_KEY_UIApplicationSceneManifest_Generation = YES;
				INFOPLIST_KEY_UILaunchScreen_Generation = YES;
				INFOPLIST_KEY_UISupportedInterfaceOrientations_iPhone = UIInterfaceOrientationPortrait;
				LD_RUNPATH_SEARCH_PATHS = (
					"$(inherited)",
					"@executable_path/Frameworks",
				);
				PRODUCT_BUNDLE_IDENTIFIER = app.blessingcircle.ios;
				PRODUCT_MODULE_NAME = BlessingCircle;
				SDKROOT = iphoneos;
				TARGETED_DEVICE_FAMILY = "1,2";
			};
			name = Release;
		};
		E3E84597F1F6860768426EB8 /* Release */ = {
			isa = XCBuildConfiguration;
			buildSettings = {
				ALWAYS_SEARCH_USER_PATHS = NO;
				ASSETCATALOG_COMPILER_GENERATE_SWIFT_ASSET_SYMBOL_EXTENSIONS = YES;
				CLANG_ANALYZER_NONNULL = YES;
				CLANG_ANALYZER_NUMBER_OBJECT_CONVERSION = YES_AGGRESSIVE;
				CLANG_CXX_LANGUAGE_STANDARD = "gnu++14";
				CLANG_CXX_LIBRARY = "libc++";
				CLANG_ENABLE_MODULES = YES;
				CLANG_ENABLE_OBJC_ARC = YES;
				CLANG_ENABLE_OBJC_WEAK = YES;
				CLANG_WARN_BLOCK_CAPTURE_AUTORELEASING = YES;
				CLANG_WARN_BOOL_CONVERSION = YES;
				CLANG_WARN_COMMA = YES;
				CLANG_WARN_CONSTANT_CONVERSION = YES;
				CLANG_WARN_DEPRECATED_OBJC_IMPLEMENTATIONS = YES;
				CLANG_WARN_DIRECT_OBJC_ISA_USAGE = YES_ERROR;
				CLANG_WARN_DOCUMENTATION_COMMENTS = YES;
				CLANG_WARN_EMPTY_BODY = YES;
				CLANG_WARN_ENUM_CONVERSION = YES;
				CLANG_WARN_INFINITE_RECURSION = YES;
				CLANG_WARN_INT_CONVERSION = YES;
				CLANG_WARN_NON_LITERAL_NULL_CONVERSION = YES;
				CLANG_WARN_OBJC_IMPLICIT_RETAIN_SELF = YES;
				CLANG_WARN_OBJC_LITERAL_CONVERSION = YES;
				CLANG_WARN_OBJC_ROOT_CLASS = YES_ERROR;
				CLANG_WARN_QUOTED_INCLUDE_IN_FRAMEWORK_HEADER = YES;
				CLANG_WARN_RANGE_LOOP_ANALYSIS = YES;
				CLANG_WARN_STRICT_PROTOTYPES = YES;
				CLANG_WARN_SUSPICIOUS_MOVE = YES;
				CLANG_WARN_UNGUARDED_AVAILABILITY = YES_AGGRESSIVE;
				CLANG_WARN_UNREACHABLE_CODE = YES;
				CLANG_WARN__DUPLICATE_METHOD_MATCH = YES;
				CODE_SIGN_STYLE = Automatic;
				COPY_PHASE_STRIP = NO;
				CURRENT_PROJECT_VERSION = 1;
				DEBUG_INFORMATION_FORMAT = "dwarf-with-dsym";
				ENABLE_NS_ASSERTIONS = NO;
				ENABLE_STRICT_OBJC_MSGSEND = YES;
				GCC_C_LANGUAGE_STANDARD = gnu11;
				GCC_NO_COMMON_BLOCKS = YES;
				GCC_WARN_64_TO_32_BIT_CONVERSION = YES;
				GCC_WARN_ABOUT_RETURN_TYPE = YES_ERROR;
				GCC_WARN_UNDECLARED_SELECTOR = YES;
				GCC_WARN_UNINITIALIZED_AUTOS = YES_AGGRESSIVE;
				GCC_WARN_UNUSED_FUNCTION = YES;
				GCC_WARN_UNUSED_VARIABLE = YES;
				IPHONEOS_DEPLOYMENT_TARGET = 18.0;
				MARKETING_VERSION = 0.1.0;
				MTL_ENABLE_DEBUG_INFO = NO;
				MTL_FAST_MATH = YES;
				PRODUCT_NAME = "$(TARGET_NAME)";
				SDKROOT = iphoneos;
				SWIFT_COMPILATION_MODE = wholemodule;
				SWIFT_OPTIMIZATION_LEVEL = "-O";
				SWIFT_VERSION = 6.0;
			};
			name = Release;
		};
/* End XCBuildConfiguration section */

/* Begin XCConfigurationList section */
		3197E46E7504FC6A48B61E3C /* Build configuration list for PBXProject "BlessingCircle" */ = {
			isa = XCConfigurationList;
			buildConfigurations = (
				5F930E0ADB8C5D11CAE685BC /* Debug */,
				E3E84597F1F6860768426EB8 /* Release */,
			);
			defaultConfigurationIsVisible = 0;
			defaultConfigurationName = Debug;
		};
		3F837F526A048739820DEC17 /* Build configuration list for PBXNativeTarget "BlessingCircleLiveActivity" */ = {
			isa = XCConfigurationList;
			buildConfigurations = (
				84B9A6E0D0CC80A0A4A8D699 /* Debug */,
				04235A027DBAD52077F0F32B /* Release */,
			);
			defaultConfigurationIsVisible = 0;
			defaultConfigurationName = Debug;
		};
		637DCFF5560EEA0AC4A5A856 /* Build configuration list for PBXNativeTarget "BlessingCircleTests" */ = {
			isa = XCConfigurationList;
			buildConfigurations = (
				1B8D6220CD3FF6B2FA70B7C6 /* Debug */,
				887B2B2B006A95AB594FC151 /* Release */,
			);
			defaultConfigurationIsVisible = 0;
			defaultConfigurationName = Debug;
		};
		B6077964679B6958FC99AE02 /* Build configuration list for PBXNativeTarget "BlessingCircle" */ = {
			isa = XCConfigurationList;
			buildConfigurations = (
				68A5B96F3AE5699E46809AA8 /* Debug */,
				AC4A6C63D5F3DBB84F441D8D /* Release */,
			);
			defaultConfigurationIsVisible = 0;
			defaultConfigurationName = Debug;
		};
/* End XCConfigurationList section */

/* Begin XCRemoteSwiftPackageReference section */
		5630E9BA8B94DCBB1CC68FC4 /* XCRemoteSwiftPackageReference "supabase-swift" */ = {
			isa = XCRemoteSwiftPackageReference;
			repositoryURL = "https://github.com/supabase/supabase-swift.git";
			requirement = {
				kind = exactVersion;
				version = 2.51.0;
			};
		};
/* End XCRemoteSwiftPackageReference section */

/* Begin XCSwiftPackageProductDependency section */
		B69BDB637FBD5E1800B58241 /* Supabase */ = {
			isa = XCSwiftPackageProductDependency;
			package = 5630E9BA8B94DCBB1CC68FC4 /* XCRemoteSwiftPackageReference "supabase-swift" */;
			productName = Supabase;
		};
/* End XCSwiftPackageProductDependency section */
	};
	rootObject = 41A9FBA0C18941FE87AC911D /* Project object */;
}
